
Microsoft Visual Studio Solution File, Format Version 12.00
# Visual Studio 15
VisualStudioVersion = 15.0.26430.6
MinimumVisualStudioVersion = 10.0.40219.1
Project("{FAE04EC0-301F-11D3-BF4B-00C04F79EFBC}") = "SequentialCollections", "ConsoleApp3\SequentialCollections.csproj", "{996EB7E2-A457-43C2-8602-691880E22B2A}"
EndProject
Project("{FAE04EC0-301F-11D3-BF4B-00C04F79EFBC}") = "DictionaryCollections", "DictionaryCollections.\DictionaryCollections.csproj", "{7311B55E-19B3-4D1E-A4FC-42DB43E9BD4B}"
EndProject
Global
	GlobalSection(SolutionConfigurationPlatforms) = preSolution
		Debug|Any CPU = Debug|Any CPU
		Release|Any CPU = Release|Any CPU
	EndGlobalSection
	GlobalSection(ProjectConfigurationPlatforms) = postSolution
		{996EB7E2-A457-43C2-8602-691880E22B2A}.Debug|Any CPU.ActiveCfg = Debug|Any CPU
		{996EB7E2-A457-43C2-8602-691880E22B2A}.Debug|Any CPU.Build.0 = Debug|Any CPU
		{996EB7E2-A457-43C2-8602-691880E22B2A}.Release|Any CPU.ActiveCfg = Release|Any CPU
		{996EB7E2-A457-43C2-8602-691880E22B2A}.Release|Any CPU.Build.0 = Release|Any CPU
		{7311B55E-19B3-4D1E-A4FC-42DB43E9BD4B}.Debug|Any CPU.ActiveCfg = Debug|Any CPU
		{7311B55E-19B3-4D1E-A4FC-42DB43E9BD4B}.Debug|Any CPU.Build.0 = Debug|Any CPU
		{7311B55E-19B3-4D1E-A4FC-42DB43E9BD4B}.Release|Any CPU.ActiveCfg = Release|Any CPU
		{7311B55E-19B3-4D1E-A4FC-42DB43E9BD4B}.Release|Any CPU.Build.0 = Release|Any CPU
	EndGlobalSection
	GlobalSection(SolutionProperties) = preSolution
		HideSolutionNode = FALSE
	EndGlobalSection
EndGlobal
